// !$*UTF8*$!
{
	archiveVersion = 1;
	classes = {
	};
	objectVersion = 50;
	objects = {

/* Begin PBXBuildFile section */
		CA81F4802598579100E53DD4 /* AppDelegate.swift in Sources */ = {isa = PBXBuildFile; fileRef = CA81F47F2598579100E53DD4 /* AppDelegate.swift */; };
		CA81F4822598579100E53DD4 /* ViewController.swift in Sources */ = {isa = PBXBuildFile; fileRef = CA81F4812598579100E53DD4 /* ViewController.swift */; };
		CA81F4852598579100E53DD4 /* Main.storyboard in Resources */ = {isa = PBXBuildFile; fileRef = CA81F4832598579100E53DD4 /* Main.storyboard */; };
		CA81F4882598579200E53DD4 /* arrahma.xcdatamodeld in Sources */ = {isa = PBXBuildFile; fileRef = CA81F4862598579200E53DD4 /* arrahma.xcdatamodeld */; };
		CA81F48A2598579600E53DD4 /* Assets.xcassets in Resources */ = {isa = PBXBuildFile; fileRef = CA81F4892598579600E53DD4 /* Assets.xcassets */; };
		CA81F48D2598579600E53DD4 /* LaunchScreen.storyboard in Resources */ = {isa = PBXBuildFile; fileRef = CA81F48B2598579600E53DD4 /* LaunchScreen.storyboard */; };
		CA81F4982598579600E53DD4 /* arrahmaTests.swift in Sources */ = {isa = PBXBuildFile; fileRef = CA81F4972598579600E53DD4 /* arrahmaTests.swift */; };
		CA81F4A32598579600E53DD4 /* arrahmaUITests.swift in Sources */ = {isa = PBXBuildFile; fileRef = CA81F4A22598579600E53DD4 /* arrahmaUITests.swift */; };
/* End PBXBuildFile section */

/* Begin PBXContainerItemProxy section */
		CA81F4942598579600E53DD4 /* PBXContainerItemProxy */ = {
			isa = PBXContainerItemProxy;
			containerPortal = CA81F4742598579100E53DD4 /* Project object */;
			proxyType = 1;
			remoteGlobalIDString = CA81F47B2598579100E53DD4;
			remoteInfo = arrahma;
		};
		CA81F49F2598579600E53DD4 /* PBXContainerItemProxy */ = {
			isa = PBXContainerItemProxy;
			containerPortal = CA81F4742598579100E53DD4 /* Project object */;
			proxyType = 1;
			remoteGlobalIDString = CA81F47B2598579100E53DD4;
			remoteInfo = arrahma;
		};
/* End PBXContainerItemProxy section */

/* Begin PBXFileReference section */
		CA81F47C2598579100E53DD4 /* arrahma.app */ = {isa = PBXFileReference; explicitFileType = wrapper.application; includeInIndex = 0; path = arrahma.app; sourceTree = BUILT_PRODUCTS_DIR; };
		CA81F47F2598579100E53DD4 /* AppDelegate.swift */ = {isa = PBXFileReference; lastKnownFileType = sourcecode.swift; path = AppDelegate.swift; sourceTree = "<group>"; };
		CA81F4812598579100E53DD4 /* ViewController.swift */ = {isa = PBXFileReference; lastKnownFileType = sourcecode.swift; path = ViewController.swift; sourceTree = "<group>"; };
		CA81F4842598579100E53DD4 /* Base */ = {isa = PBXFileReference; lastKnownFileType = file.storyboard; name = Base; path = Base.lproj/Main.storyboard; sourceTree = "<group>"; };
		CA81F4872598579200E53DD4 /* arrahma.xcdatamodel */ = {isa = PBXFileReference; lastKnownFileType = wrapper.xcdatamodel; path = arrahma.xcdatamodel; sourceTree = "<group>"; };
		CA81F4892598579600E53DD4 /* Assets.xcassets */ = {isa = PBXFileReference; lastKnownFileType = folder.assetcatalog; path = Assets.xcassets; sourceTree = "<group>"; };
		CA81F48C2598579600E53DD4 /* Base */ = {isa = PBXFileReference; lastKnownFileType = file.storyboard; name = Base; path = Base.lproj/LaunchScreen.storyboard; sourceTree = "<group>"; };
		CA81F48E2598579600E53DD4 /* Info.plist */ = {isa = PBXFileReference; lastKnownFileType = text.plist.xml; path = Info.plist; sourceTree = "<group>"; };
		CA81F4932598579600E53DD4 /* arrahmaTests.xctest */ = {isa = PBXFileReference; explicitFileType = wrapper.cfbundle; includeInIndex = 0; path = arrahmaTests.xctest; sourceTree = BUILT_PRODUCTS_DIR; };
		CA81F4972598579600E53DD4 /* arrahmaTests.swift */ = {isa = PBXFileReference; lastKnownFileType = sourcecode.swift; path = arrahmaTests.swift; sourceTree = "<group>"; };
		CA81F4992598579600E53DD4 /* Info.plist */ = {isa = PBXFileReference; lastKnownFileType = text.plist.xml; path = Info.plist; sourceTree = "<group>"; };
		CA81F49E2598579600E53DD4 /* arrahmaUITests.xctest */ = {isa = PBXFileReference; explicitFileType = wrapper.cfbundle; includeInIndex = 0; path = arrahmaUITests.xctest; sourceTree = BUILT_PRODUCTS_DIR; };
		CA81F4A22598579600E53DD4 /* arrahmaUITests.swift */ = {isa = PBXFileReference; lastKnownFileType = sourcecode.swift; path = arrahmaUITests.swift; sourceTree = "<group>"; };
		CA81F4A42598579600E53DD4 /* Info.plist */ = {isa = PBXFileReference; lastKnownFileType = text.plist.xml; path = Info.plist; sourceTree = "<group>"; };
/* End PBXFileReference section */

/* Begin PBXFrameworksBuildPhase section */
		CA81F4792598579100E53DD4 /* Frameworks */ = {
			isa = PBXFrameworksBuildPhase;
			buildActionMask = 2147483647;
			files = (
			);
			runOnlyForDeploymentPostprocessing = 0;
		};
		CA81F4902598579600E53DD4 /* Frameworks */ = {
			isa = PBXFrameworksBuildPhase;
			buildActionMask = 2147483647;
			files = (
			);
			runOnlyForDeploymentPostprocessing = 0;
		};
		CA81F49B2598579600E53DD4 /* Frameworks */ = {
			isa = PBXFrameworksBuildPhase;
			buildActionMask = 2147483647;
			files = (
			);
			runOnlyForDeploymentPostprocessing = 0;
		};
/* End PBXFrameworksBuildPhase section */

/* Begin PBXGroup section */
		CA81F4732598579100E53DD4 = {
			isa = PBXGroup;
			children = (
				CA81F47E2598579100E53DD4 /* arrahma */,
				CA81F4962598579600E53DD4 /* arrahmaTests */,
				CA81F4A12598579600E53DD4 /* arrahmaUITests */,
				CA81F47D2598579100E53DD4 /* Products */,
			);
			sourceTree = "<group>";
		};
		CA81F47D2598579100E53DD4 /* Products */ = {
			isa = PBXGroup;
			children = (
				CA81F47C2598579100E53DD4 /* arrahma.app */,
				CA81F4932598579600E53DD4 /* arrahmaTests.xctest */,
				CA81F49E2598579600E53DD4 /* arrahmaUITests.xctest */,
			);
			name = Products;
			sourceTree = "<group>";
		};
		CA81F47E2598579100E53DD4 /* arrahma */ = {
			isa = PBXGroup;
			children = (
				CA81F47F2598579100E53DD4 /* AppDelegate.swift */,
				CA81F4812598579100E53DD4 /* ViewController.swift */,
				CA81F4832598579100E53DD4 /* Main.storyboard */,
				CA81F4892598579600E53DD4 /* Assets.xcassets */,
				CA81F48B2598579600E53DD4 /* LaunchScreen.storyboard */,
				CA81F48E2598579600E53DD4 /* Info.plist */,
				CA81F4862598579200E53DD4 /* arrahma.xcdatamodeld */,
			);
			path = arrahma;
			sourceTree = "<group>";
		};
		CA81F4962598579600E53DD4 /* arrahmaTests */ = {
			isa = PBXGroup;
			children = (
				CA81F4972598579600E53DD4 /* arrahmaTests.swift */,
				CA81F4992598579600E53DD4 /* Info.plist */,
			);
			path = arrahmaTests;
			sourceTree = "<group>";
		};
		CA81F4A12598579600E53DD4 /* arrahmaUITests */ = {
			isa = PBXGroup;
			children = (
				CA81F4A22598579600E53DD4 /* arrahmaUITests.swift */,
				CA81F4A42598579600E53DD4 /* Info.plist */,
			);
			path = arrahmaUITests;
			sourceTree = "<group>";
		};
/* End PBXGroup section */

/* Begin PBXNativeTarget section */
		CA81F47B2598579100E53DD4 /* arrahma */ = {
			isa = PBXNativeTarget;
			buildConfigurationList = CA81F4A72598579600E53DD4 /* Build configuration list for PBXNativeTarget "arrahma" */;
			buildPhases = (
				CA81F4782598579100E53DD4 /* Sources */,
				CA81F4792598579100E53DD4 /* Frameworks */,
				CA81F47A2598579100E53DD4 /* Resources */,
			);
			buildRules = (
			);
			dependencies = (
			);
			name = arrahma;
			productName = arrahma;
			productReference = CA81F47C2598579100E53DD4 /* arrahma.app */;
			productType = "com.apple.product-type.application";
		};
		CA81F4922598579600E53DD4 /* arrahmaTests */ = {
			isa = PBXNativeTarget;
			buildConfigurationList = CA81F4AA2598579600E53DD4 /* Build configuration list for PBXNativeTarget "arrahmaTests" */;
			buildPhases = (
				CA81F48F2598579600E53DD4 /* Sources */,
				CA81F4902598579600E53DD4 /* Frameworks */,
				CA81F4912598579600E53DD4 /* Resources */,
			);
			buildRules = (
			);
			dependencies = (
				CA81F4952598579600E53DD4 /* PBXTargetDependency */,
			);
			name = arrahmaTests;
			productName = arrahmaTests;
			productReference = CA81F4932598579600E53DD4 /* arrahmaTests.xctest */;
			productType = "com.apple.product-type.bundle.unit-test";
		};
		CA81F49D2598579600E53DD4 /* arrahmaUITests */ = {
			isa = PBXNativeTarget;
			buildConfigurationList = CA81F4AD2598579600E53DD4 /* Build configuration list for PBXNativeTarget "arrahmaUITests" */;
			buildPhases = (
				CA81F49A2598579600E53DD4 /* Sources */,
				CA81F49B2598579600E53DD4 /* Frameworks */,
				CA81F49C2598579600E53DD4 /* Resources */,
			);
			buildRules = (
			);
			dependencies = (
				CA81F4A02598579600E53DD4 /* PBXTargetDependency */,
			);
			name = arrahmaUITests;
			productName = arrahmaUITests;
			productReference = CA81F49E2598579600E53DD4 /* arrahmaUITests.xctest */;
			productType = "com.apple.product-type.bundle.ui-testing";
		};
/* End PBXNativeTarget section */

/* Begin PBXProject section */
		CA81F4742598579100E53DD4 /* Project object */ = {
			isa = PBXProject;
			attributes = {
				LastSwiftUpdateCheck = 1010;
				LastUpgradeCheck = 1010;
				ORGANIZATIONNAME = "Siddiqui Family";
				TargetAttributes = {
					CA81F47B2598579100E53DD4 = {
						CreatedOnToolsVersion = 10.1;
					};
					CA81F4922598579600E53DD4 = {
						CreatedOnToolsVersion = 10.1;
						TestTargetID = CA81F47B2598579100E53DD4;
					};
					CA81F49D2598579600E53DD4 = {
						CreatedOnToolsVersion = 10.1;
						TestTargetID = CA81F47B2598579100E53DD4;
					};
				};
			};
			buildConfigurationList = CA81F4772598579100E53DD4 /* Build configuration list for PBXProject "arrahma" */;
			compatibilityVersion = "Xcode 9.3";
			developmentRegion = en;
			hasScannedForEncodings = 0;
			knownRegions = (
				en,
				Base,
			);
			mainGroup = CA81F4732598579100E53DD4;
			productRefGroup = CA81F47D2598579100E53DD4 /* Products */;
			projectDirPath = "";
			projectRoot = "";
			targets = (
				CA81F47B2598579100E53DD4 /* arrahma */,
				CA81F4922598579600E53DD4 /* arrahmaTests */,
				CA81F49D2598579600E53DD4 /* arrahmaUITests */,
			);
		};
/* End PBXProject section */

/* Begin PBXResourcesBuildPhase section */
		CA81F47A2598579100E53DD4 /* Resources */ = {
			isa = PBXResourcesBuildPhase;
			buildActionMask = 2147483647;
			files = (
				CA81F48D2598579600E53DD4 /* LaunchScreen.storyboard in Resources */,
				CA81F48A2598579600E53DD4 /* Assets.xcassets in Resources */,
				CA81F4852598579100E53DD4 /* Main.storyboard in Resources */,
			);
			runOnlyForDeploymentPostprocessing = 0;
		};
		CA81F4912598579600E53DD4 /* Resources */ = {
			isa = PBXResourcesBuildPhase;
			buildActionMask = 2147483647;
			files = (
			);
			runOnlyForDeploymentPostprocessing = 0;
		};
		CA81F49C2598579600E53DD4 /* Resources */ = {
			isa = PBXResourcesBuildPhase;
			buildActionMask = 2147483647;
			files = (
			);
			runOnlyForDeploymentPostprocessing = 0;
		};
/* End PBXResourcesBuildPhase section */

/* Begin PBXSourcesBuildPhase section */
		CA81F4782598579100E53DD4 /* Sources */ = {
			isa = PBXSourcesBuildPhase;
			buildActionMask = 2147483647;
			files = (
				CA81F4822598579100E53DD4 /* ViewController.swift in Sources */,
				CA81F4882598579200E53DD4 /* arrahma.xcdatamodeld in Sources */,
				CA81F4802598579100E53DD4 /* AppDelegate.swift in Sources */,
			);
			runOnlyForDeploymentPostprocessing = 0;
		};
		CA81F48F2598579600E53DD4 /* Sources */ = {
			isa = PBXSourcesBuildPhase;
			buildActionMask = 2147483647;
			files = (
				CA81F4982598579600E53DD4 /* arrahmaTests.swift in Sources */,
			);
			runOnlyForDeploymentPostprocessing = 0;
		};
		CA81F49A2598579600E53DD4 /* Sources */ = {
			isa = PBXSourcesBuildPhase;
			buildActionMask = 2147483647;
			files = (
				CA81F4A32598579600E53DD4 /* arrahmaUITests.swift in Sources */,
			);
			runOnlyForDeploymentPostprocessing = 0;
		};
/* End PBXSourcesBuildPhase section */

/* Begin PBXTargetDependency section */
		CA81F4952598579600E53DD4 /* PBXTargetDependency */ = {
			isa = PBXTargetDependency;
			target = CA81F47B2598579100E53DD4 /* arrahma */;
			targetProxy = CA81F4942598579600E53DD4 /* PBXContainerItemProxy */;
		};
		CA81F4A02598579600E53DD4 /* PBXTargetDependency */ = {
			isa = PBXTargetDependency;
			target = CA81F47B2598579100E53DD4 /* arrahma */;
			targetProxy = CA81F49F2598579600E53DD4 /* PBXContainerItemProxy */;
		};
/* End PBXTargetDependency section */

/* Begin PBXVariantGroup section */
		CA81F4832598579100E53DD4 /* Main.storyboard */ = {
			isa = PBXVariantGroup;
			children = (
				CA81F4842598579100E53DD4 /* Base */,
			);
			name = Main.storyboard;
			sourceTree = "<group>";
		};
		CA81F48B2598579600E53DD4 /* LaunchScreen.storyboard */ = {
			isa = PBXVariantGroup;
			children = (
				CA81F48C2598579600E53DD4 /* Base */,
			);
			name = LaunchScreen.storyboard;
			sourceTree = "<group>";
		};
/* End PBXVariantGroup section */

/* Begin XCBuildConfiguration section */
		CA81F4A52598579600E53DD4 /* Debug */ = {
			isa = XCBuildConfiguration;
			buildSettings = {
				ALWAYS_SEARCH_USER_PATHS = NO;
				CLANG_ANALYZER_NONNULL = YES;
				CLANG_ANALYZER_NUMBER_OBJECT_CONVERSION = YES_AGGRESSIVE;
				CLANG_CXX_LANGUAGE_STANDARD = "gnu++14";
				CLANG_CXX_LIBRARY = "libc++";
				CLANG_ENABLE_MODULES = YES;
				CLANG_ENABLE_OBJC_ARC = YES;
				CLANG_ENABLE_OBJC_WEAK = YES;
				CLANG_WARN_BLOCK_CAPTURE_AUTORELEASING = YES;
				CLANG_WARN_BOOL_CONVERSION = YES;
				CLANG_WARN_COMMA = YES;
				CLANG_WARN_CONSTANT_CONVERSION = YES;
				CLANG_WARN_DEPRECATED_OBJC_IMPLEMENTATIONS = YES;
				CLANG_WARN_DIRECT_OBJC_ISA_USAGE = YES_ERROR;
				CLANG_WARN_DOCUMENTATION_COMMENTS = YES;
				CLANG_WARN_EMPTY_BODY = YES;
				CLANG_WARN_ENUM_CONVERSION = YES;
				CLANG_WARN_INFINITE_RECURSION = YES;
				CLANG_WARN_INT_CONVERSION = YES;
				CLANG_WARN_NON_LITERAL_NULL_CONVERSION = YES;
				CLANG_WARN_OBJC_IMPLICIT_RETAIN_SELF = YES;
				CLANG_WARN_OBJC_LITERAL_CONVERSION = YES;
				CLANG_WARN_OBJC_ROOT_CLASS = YES_ERROR;
				CLANG_WARN_RANGE_LOOP_ANALYSIS = YES;
				CLANG_WARN_STRICT_PROTOTYPES = YES;
				CLANG_WARN_SUSPICIOUS_MOVE = YES;
				CLANG_WARN_UNGUARDED_AVAILABILITY = YES_AGGRESSIVE;
				CLANG_WARN_UNREACHABLE_CODE = YES;
				CLANG_WARN__DUPLICATE_METHOD_MATCH = YES;
				CODE_SIGN_IDENTITY = "iPhone Developer";
				COPY_PHASE_STRIP = NO;
				DEBUG_INFORMATION_FORMAT = dwarf;
				ENABLE_STRICT_OBJC_MSGSEND = YES;
				ENABLE_TESTABILITY = YES;
				GCC_C_LANGUAGE_STANDARD = gnu11;
				GCC_DYNAMIC_NO_PIC = NO;
				GCC_NO_COMMON_BLOCKS = YES;
				GCC_OPTIMIZATION_LEVEL = 0;
				GCC_PREPROCESSOR_DEFINITIONS = (
					"DEBUG=1",
					"$(inherited)",
				);
				GCC_WARN_64_TO_32_BIT_CONVERSION = YES;
				GCC_WARN_ABOUT_RETURN_TYPE = YES_ERROR;
				GCC_WARN_UNDECLARED_SELECTOR = YES;
				GCC_WARN_UNINITIALIZED_AUTOS = YES_AGGRESSIVE;
				GCC_WARN_UNUSED_FUNCTION = YES;
				GCC_WARN_UNUSED_VARIABLE = YES;
				IPHONEOS_DEPLOYMENT_TARGET = 12.1;
				MTL_ENABLE_DEBUG_INFO = INCLUDE_SOURCE;
				MTL_FAST_MATH = YES;
				ONLY_ACTIVE_ARCH = YES;
				SDKROOT = iphoneos;
				SWIFT_ACTIVE_COMPILATION_CONDITIONS = DEBUG;
				SWIFT_OPTIMIZATION_LEVEL = "-Onone";
			};
			name = Debug;
		};
		CA81F4A62598579600E53DD4 /* Release */ = {
			isa = XCBuildConfiguration;
			buildSettings = {
				ALWAYS_SEARCH_USER_PATHS = NO;
				CLANG_ANALYZER_NONNULL = YES;
				CLANG_ANALYZER_NUMBER_OBJECT_CONVERSION = YES_AGGRESSIVE;
				CLANG_CXX_LANGUAGE_STANDARD = "gnu++14";
				CLANG_CXX_LIBRARY = "libc++";
				CLANG_ENABLE_MODULES = YES;
				CLANG_ENABLE_OBJC_ARC = YES;
				CLANG_ENABLE_OBJC_WEAK = YES;
				CLANG_WARN_BLOCK_CAPTURE_AUTORELEASING = YES;
				CLANG_WARN_BOOL_CONVERSION = YES;
				CLANG_WARN_COMMA = YES;
				CLANG_WARN_CONSTANT_CONVERSION = YES;
				CLANG_WARN_DEPRECATED_OBJC_IMPLEMENTATIONS = YES;
				CLANG_WARN_DIRECT_OBJC_ISA_USAGE = YES_ERROR;
				CLANG_WARN_DOCUMENTATION_COMMENTS = YES;
				CLANG_WARN_EMPTY_BODY = YES;
				CLANG_WARN_ENUM_CONVERSION = YES;
				CLANG_WARN_INFINITE_RECURSION = YES;
				CLANG_WARN_INT_CONVERSION = YES;
				CLANG_WARN_NON_LITERAL_NULL_CONVERSION = YES;
				CLANG_WARN_OBJC_IMPLICIT_RETAIN_SELF = YES;
				CLANG_WARN_OBJC_LITERAL_CONVERSION = YES;
				CLANG_WARN_OBJC_ROOT_CLASS = YES_ERROR;
				CLANG_WARN_RANGE_LOOP_ANALYSIS = YES;
				CLANG_WARN_STRICT_PROTOTYPES = YES;
				CLANG_WARN_SUSPICIOUS_MOVE = YES;
				CLANG_WARN_UNGUARDED_AVAILABILITY = YES_AGGRESSIVE;
				CLANG_WARN_UNREACHABLE_CODE = YES;
				CLANG_WARN__DUPLICATE_METHOD_MATCH = YES;
				CODE_SIGN_IDENTITY = "iPhone Developer";
				COPY_PHASE_STRIP = NO;
				DEBUG_INFORMATION_FORMAT = "dwarf-with-dsym";
				ENABLE_NS_ASSERTIONS = NO;
				ENABLE_STRICT_OBJC_MSGSEND = YES;
				GCC_C_LANGUAGE_STANDARD = gnu11;
				GCC_NO_COMMON_BLOCKS = YES;
				GCC_WARN_64_TO_32_BIT_CONVERSION = YES;
				GCC_WARN_ABOUT_RETURN_TYPE = YES_ERROR;
				GCC_WARN_UNDECLARED_SELECTOR = YES;
				GCC_WARN_UNINITIALIZED_AUTOS = YES_AGGRESSIVE;
				GCC_WARN_UNUSED_FUNCTION = YES;
				GCC_WARN_UNUSED_VARIABLE = YES;
				IPHONEOS_DEPLOYMENT_TARGET = 12.1;
				MTL_ENABLE_DEBUG_INFO = NO;
				MTL_FAST_MATH = YES;
				SDKROOT = iphoneos;
				SWIFT_COMPILATION_MODE = wholemodule;
				SWIFT_OPTIMIZATION_LEVEL = "-O";
				VALIDATE_PRODUCT = YES;
			};
			name = Release;
		};
		CA81F4A82598579600E53DD4 /* Debug */ = {
			isa = XCBuildConfiguration;
			buildSettings = {
				ASSETCATALOG_COMPILER_APPICON_NAME = AppIcon;
				CODE_SIGN_STYLE = Automatic;
				INFOPLIST_FILE = arrahma/Info.plist;
				LD_RUNPATH_SEARCH_PATHS = (
					"$(inherited)",
					"@executable_path/Frameworks",
				);
				PRODUCT_BUNDLE_IDENTIFIER = arrahma.arrahma;
				PRODUCT_NAME = "$(TARGET_NAME)";
				SWIFT_VERSION = 4.2;
				TARGETED_DEVICE_FAMILY = "1,2";
			};
			name = Debug;
		};
		CA81F4A92598579600E53DD4 /* Release */ = {
			isa = XCBuildConfiguration;
			buildSettings = {
				ASSETCATALOG_COMPILER_APPICON_NAME = AppIcon;
				CODE_SIGN_STYLE = Automatic;
				INFOPLIST_FILE = arrahma/Info.plist;
				LD_RUNPATH_SEARCH_PATHS = (
					"$(inherited)",
					"@executable_path/Frameworks",
				);
				PRODUCT_BUNDLE_IDENTIFIER = arrahma.arrahma;
				PRODUCT_NAME = "$(TARGET_NAME)";
				SWIFT_VERSION = 4.2;
				TARGETED_DEVICE_FAMILY = "1,2";
			};
			name = Release;
		};
		CA81F4AB2598579600E53DD4 /* Debug */ = {
			isa = XCBuildConfiguration;
			buildSettings = {
				ALWAYS_EMBED_SWIFT_STANDARD_LIBRARIES = YES;
				BUNDLE_LOADER = "$(TEST_HOST)";
				CODE_SIGN_STYLE = Automatic;
				INFOPLIST_FILE = arrahmaTests/Info.plist;
				LD_RUNPATH_SEARCH_PATHS = (
					"$(inherited)",
					"@executable_path/Frameworks",
					"@loader_path/Frameworks",
				);
				PRODUCT_BUNDLE_IDENTIFIER = arrahma.arrahmaTests;
				PRODUCT_NAME = "$(TARGET_NAME)";
				SWIFT_VERSION = 4.2;
				TARGETED_DEVICE_FAMILY = "1,2";
				TEST_HOST = "$(BUILT_PRODUCTS_DIR)/arrahma.app/arrahma";
			};
			name = Debug;
		};
		CA81F4AC2598579600E53DD4 /* Release */ = {
			isa = XCBuildConfiguration;
			buildSettings = {
				ALWAYS_EMBED_SWIFT_STANDARD_LIBRARIES = YES;
				BUNDLE_LOADER = "$(TEST_HOST)";
				CODE_SIGN_STYLE = Automatic;
				INFOPLIST_FILE = arrahmaTests/Info.plist;
				LD_RUNPATH_SEARCH_PATHS = (
					"$(inherited)",
					"@executable_path/Frameworks",
					"@loader_path/Frameworks",
				);
				PRODUCT_BUNDLE_IDENTIFIER = arrahma.arrahmaTests;
				PRODUCT_NAME = "$(TARGET_NAME)";
				SWIFT_VERSION = 4.2;
				TARGETED_DEVICE_FAMILY = "1,2";
				TEST_HOST = "$(BUILT_PRODUCTS_DIR)/arrahma.app/arrahma";
			};
			name = Release;
		};
		CA81F4AE2598579600E53DD4 /* Debug */ = {
			isa = XCBuildConfiguration;
			buildSettings = {
				ALWAYS_EMBED_SWIFT_STANDARD_LIBRARIES = YES;
				CODE_SIGN_STYLE = Automatic;
				INFOPLIST_FILE = arrahmaUITests/Info.plist;
				LD_RUNPATH_SEARCH_PATHS = (
					"$(inherited)",
					"@executable_path/Frameworks",
					"@loader_path/Frameworks",
				);
				PRODUCT_BUNDLE_IDENTIFIER = arrahma.arrahmaUITests;
				PRODUCT_NAME = "$(TARGET_NAME)";
				SWIFT_VERSION = 4.2;
				TARGETED_DEVICE_FAMILY = "1,2";
				TEST_TARGET_NAME = arrahma;
			};
			name = Debug;
		};
		CA81F4AF2598579600E53DD4 /* Release */ = {
			isa = XCBuildConfiguration;
			buildSettings = {
				ALWAYS_EMBED_SWIFT_STANDARD_LIBRARIES = YES;
				CODE_SIGN_STYLE = Automatic;
				INFOPLIST_FILE = arrahmaUITests/Info.plist;
				LD_RUNPATH_SEARCH_PATHS = (
					"$(inherited)",
					"@executable_path/Frameworks",
					"@loader_path/Frameworks",
				);
				PRODUCT_BUNDLE_IDENTIFIER = arrahma.arrahmaUITests;
				PRODUCT_NAME = "$(TARGET_NAME)";
				SWIFT_VERSION = 4.2;
				TARGETED_DEVICE_FAMILY = "1,2";
				TEST_TARGET_NAME = arrahma;
			};
			name = Release;
		};
/* End XCBuildConfiguration section */

/* Begin XCConfigurationList section */
		CA81F4772598579100E53DD4 /* Build configuration list for PBXProject "arrahma" */ = {
			isa = XCConfigurationList;
			buildConfigurations = (
				CA81F4A52598579600E53DD4 /* Debug */,
				CA81F4A62598579600E53DD4 /* Release */,
			);
			defaultConfigurationIsVisible = 0;
			defaultConfigurationName = Release;
		};
		CA81F4A72598579600E53DD4 /* Build configuration list for PBXNativeTarget "arrahma" */ = {
			isa = XCConfigurationList;
			buildConfigurations = (
				CA81F4A82598579600E53DD4 /* Debug */,
				CA81F4A92598579600E53DD4 /* Release */,
			);
			defaultConfigurationIsVisible = 0;
			defaultConfigurationName = Release;
		};
		CA81F4AA2598579600E53DD4 /* Build configuration list for PBXNativeTarget "arrahmaTests" */ = {
			isa = XCConfigurationList;
			buildConfigurations = (
				CA81F4AB2598579600E53DD4 /* Debug */,
				CA81F4AC2598579600E53DD4 /* Release */,
			);
			defaultConfigurationIsVisible = 0;
			defaultConfigurationName = Release;
		};
		CA81F4AD2598579600E53DD4 /* Build configuration list for PBXNativeTarget "arrahmaUITests" */ = {
			isa = XCConfigurationList;
			buildConfigurations = (
				CA81F4AE2598579600E53DD4 /* Debug */,
				CA81F4AF2598579600E53DD4 /* Release */,
			);
			defaultConfigurationIsVisible = 0;
			defaultConfigurationName = Release;
		};
/* End XCConfigurationList section */

/* Begin XCVersionGroup section */
		CA81F4862598579200E53DD4 /* arrahma.xcdatamodeld */ = {
			isa = XCVersionGroup;
			children = (
				CA81F4872598579200E53DD4 /* arrahma.xcdatamodel */,
			);
			currentVersion = CA81F4872598579200E53DD4 /* arrahma.xcdatamodel */;
			path = arrahma.xcdatamodeld;
			sourceTree = "<group>";
			versionGroupType = wrapper.xcdatamodel;
		};
/* End XCVersionGroup section */
	};
	rootObject = CA81F4742598579100E53DD4 /* Project object */;
}
