# Generated by pub
# See https://dart.dev/tools/pub/glossary#lockfile
packages:
  _discoveryapis_commons:
    dependency: transitive
    description:
      name: _discoveryapis_commons
      sha256: "113c4100b90a5b70a983541782431b82168b3cae166ab130649c36eb3559d498"
      url: "https://pub.dev"
    source: hosted
    version: "1.0.7"
  _fe_analyzer_shared:
    dependency: transitive
    description:
      name: _fe_analyzer_shared
      sha256: da0d9209ca76bde579f2da330aeb9df62b6319c834fa7baae052021b0462401f
      url: "https://pub.dev"
    source: hosted
    version: "85.0.0"
  analyzer:
    dependency: transitive
    description:
      name: analyzer
      sha256: "974859dc0ff5f37bc4313244b3218c791810d03ab3470a579580279ba971a48d"
      url: "https://pub.dev"
    source: hosted
    version: "7.7.1"
  archive:
    dependency: transitive
    description:
      name: archive
      sha256: "2fde1607386ab523f7a36bb3e7edb43bd58e6edaf2ffb29d8a6d578b297fdbbd"
      url: "https://pub.dev"
    source: hosted
    version: "4.0.7"
  args:
    dependency: transitive
    description:
      name: args
      sha256: d0481093c50b1da8910eb0bb301626d4d8eb7284aa739614d2b394ee09e3ea04
      url: "https://pub.dev"
    source: hosted
    version: "2.7.0"
  arrahma_shared:
    dependency: "direct main"
    description:
      path: "../shared"
      relative: true
    source: path
    version: "0.0.0"
  async:
    dependency: transitive
    description:
      name: async
      sha256: "758e6d74e971c3e5aceb4110bfd6698efc7f501675bcfe0c775459a8140750eb"
      url: "https://pub.dev"
    source: hosted
    version: "2.13.0"
  audio_service:
    dependency: "direct main"
    description:
      name: audio_service
      sha256: cb122c7c2639d2a992421ef96b67948ad88c5221da3365ccef1031393a76e044
      url: "https://pub.dev"
    source: hosted
    version: "0.18.18"
  audio_service_platform_interface:
    dependency: transitive
    description:
      name: audio_service_platform_interface
      sha256: "6283782851f6c8b501b60904a32fc7199dc631172da0629d7301e66f672ab777"
      url: "https://pub.dev"
    source: hosted
    version: "0.1.3"
  audio_service_web:
    dependency: transitive
    description:
      name: audio_service_web
      sha256: b8ea9243201ee53383157fbccf13d5d2a866b5dda922ec19d866d1d5d70424df
      url: "https://pub.dev"
    source: hosted
    version: "0.1.4"
  audio_session:
    dependency: "direct main"
    description:
      name: audio_session
      sha256: "2b7fff16a552486d078bfc09a8cde19f426dc6d6329262b684182597bec5b1ac"
      url: "https://pub.dev"
    source: hosted
    version: "0.1.25"
  boolean_selector:
    dependency: transitive
    description:
      name: boolean_selector
      sha256: "8aab1771e1243a5063b8b0ff68042d67334e3feab9e95b9490f9a6ebf73b42ea"
      url: "https://pub.dev"
    source: hosted
    version: "2.1.2"
  build:
    dependency: transitive
    description:
      name: build
      sha256: cef23f1eda9b57566c81e2133d196f8e3df48f244b317368d65c5943d91148f0
      url: "https://pub.dev"
    source: hosted
    version: "2.4.2"
  build_config:
    dependency: transitive
    description:
      name: build_config
      sha256: "4ae2de3e1e67ea270081eaee972e1bd8f027d459f249e0f1186730784c2e7e33"
      url: "https://pub.dev"
    source: hosted
    version: "1.1.2"
  build_daemon:
    dependency: transitive
    description:
      name: build_daemon
      sha256: bf05f6e12cfea92d3c09308d7bcdab1906cd8a179b023269eed00c071004b957
      url: "https://pub.dev"
    source: hosted
    version: "4.1.1"
  build_resolvers:
    dependency: transitive
    description:
      name: build_resolvers
      sha256: b9e4fda21d846e192628e7a4f6deda6888c36b5b69ba02ff291a01fd529140f0
      url: "https://pub.dev"
    source: hosted
    version: "2.4.4"
  build_runner:
    dependency: "direct dev"
    description:
      name: build_runner
      sha256: "058fe9dce1de7d69c4b84fada934df3e0153dd000758c4d65964d0166779aa99"
      url: "https://pub.dev"
    source: hosted
    version: "2.4.15"
  build_runner_core:
    dependency: transitive
    description:
      name: build_runner_core
      sha256: "22e3aa1c80e0ada3722fe5b63fd43d9c8990759d0a2cf489c8c5d7b2bdebc021"
      url: "https://pub.dev"
    source: hosted
    version: "8.0.0"
  built_collection:
    dependency: transitive
    description:
      name: built_collection
      sha256: "376e3dd27b51ea877c28d525560790aee2e6fbb5f20e2f85d5081027d94e2100"
      url: "https://pub.dev"
    source: hosted
    version: "5.1.1"
  built_value:
    dependency: transitive
    description:
      name: built_value
      sha256: "426cf75afdb23aa74bd4e471704de3f9393f3c7b04c1e2d9c6f1073ae0b8b139"
      url: "https://pub.dev"
    source: hosted
    version: "8.12.1"
  cached_network_image:
    dependency: transitive
    description:
      name: cached_network_image
      sha256: "7c1183e361e5c8b0a0f21a28401eecdbde252441106a9816400dd4c2b2424916"
      url: "https://pub.dev"
    source: hosted
    version: "3.4.1"
  cached_network_image_platform_interface:
    dependency: transitive
    description:
      name: cached_network_image_platform_interface
      sha256: "35814b016e37fbdc91f7ae18c8caf49ba5c88501813f73ce8a07027a395e2829"
      url: "https://pub.dev"
    source: hosted
    version: "4.1.1"
  cached_network_image_web:
    dependency: transitive
    description:
      name: cached_network_image_web
      sha256: "980842f4e8e2535b8dbd3d5ca0b1f0ba66bf61d14cc3a17a9b4788a3685ba062"
      url: "https://pub.dev"
    source: hosted
    version: "1.3.1"
  carousel_slider:
    dependency: "direct main"
    description:
      name: carousel_slider
      sha256: bcc61735345c9ab5cb81073896579e735f81e35fd588907a393143ea986be8ff
      url: "https://pub.dev"
    source: hosted
    version: "5.1.1"
  characters:
    dependency: transitive
    description:
      name: characters
      sha256: f71061c654a3380576a52b451dd5532377954cf9dbd272a78fc8479606670803
      url: "https://pub.dev"
    source: hosted
    version: "1.4.0"
  checked_yaml:
    dependency: transitive
    description:
      name: checked_yaml
      sha256: "959525d3162f249993882720d52b7e0c833978df229be20702b33d48d91de70f"
      url: "https://pub.dev"
    source: hosted
    version: "2.0.4"
  cli_util:
    dependency: transitive
    description:
      name: cli_util
      sha256: ff6785f7e9e3c38ac98b2fb035701789de90154024a75b6cb926445e83197d1c
      url: "https://pub.dev"
    source: hosted
    version: "0.4.2"
  clock:
    dependency: transitive
    description:
      name: clock
      sha256: fddb70d9b5277016c77a80201021d40a2247104d9f4aa7bab7157b7e3f05b84b
      url: "https://pub.dev"
    source: hosted
    version: "1.1.2"
  code_builder:
    dependency: transitive
    description:
      name: code_builder
      sha256: "11654819532ba94c34de52ff5feb52bd81cba1de00ef2ed622fd50295f9d4243"
      url: "https://pub.dev"
    source: hosted
    version: "4.11.0"
  collection:
    dependency: "direct main"
    description:
      name: collection
      sha256: "2f5709ae4d3d59dd8f7cd309b4e023046b57d8a6c82130785d2b0e5868084e76"
      url: "https://pub.dev"
    source: hosted
    version: "1.19.1"
  connectivity:
    dependency: transitive
    description:
      name: connectivity
      sha256: a8e91263cf3e25fb5cc95e19dfde4999e32a648ac3b9e8a558a28165731678f8
      url: "https://pub.dev"
    source: hosted
    version: "3.0.6"
  connectivity_for_web:
    dependency: transitive
    description:
      name: connectivity_for_web
      sha256: "01a390c1d5adc2ed1fa1f52d120c07fe9fd01166a93f965a832fd6cfc0ea6482"
      url: "https://pub.dev"
    source: hosted
    version: "0.4.0+1"
  connectivity_macos:
    dependency: transitive
    description:
      name: connectivity_macos
      sha256: "51ae08d5162eca9669b9d8951ed83ce19c5355a81149f94e4dee2740beb93628"
      url: "https://pub.dev"
    source: hosted
    version: "0.2.1+2"
  connectivity_platform_interface:
    dependency: transitive
    description:
      name: connectivity_platform_interface
      sha256: "2d82e942df9d49f29a24bb07fb5ce085d4a53e47818c62364d2b6deb9e0d7a8e"
      url: "https://pub.dev"
    source: hosted
    version: "2.0.1"
  convert:
    dependency: transitive
    description:
      name: convert
      sha256: b30acd5944035672bc15c6b7a8b47d773e41e2f17de064350988c5d02adb1c68
      url: "https://pub.dev"
    source: hosted
    version: "3.1.2"
  crypto:
    dependency: "direct main"
    description:
      name: crypto
      sha256: c8ea0233063ba03258fbcf2ca4d6dadfefe14f02fab57702265467a19f27fadf
      url: "https://pub.dev"
    source: hosted
    version: "3.0.7"
  cupertino_icons:
    dependency: "direct main"
    description:
      name: cupertino_icons
      sha256: ba631d1c7f7bef6b729a622b7b752645a2d076dba9976925b8f25725a30e1ee6
      url: "https://pub.dev"
    source: hosted
    version: "1.0.8"
  dart_extensions:
    dependency: "direct main"
    description:
      name: dart_extensions
      sha256: "085bf24d17d7361da4fc6c2eb595e7a29c5df9f361e37020fdc755d294c95f57"
      url: "https://pub.dev"
    source: hosted
    version: "2.2.4"
  dart_json_mapper:
    dependency: "direct main"
    description:
      name: dart_json_mapper
      sha256: b5f3ee38caa8df5769c6a24216c9aebeb64b0aa308aa4844f2b958ff4b8c11dd
      url: "https://pub.dev"
    source: hosted
    version: "2.2.20"
  dart_json_mapper_flutter:
    dependency: transitive
    description:
      name: dart_json_mapper_flutter
      sha256: "273a29301b490f8d9c1b9ef0fe9f1d82c55f616aae2c82d54c748c31f73f7b89"
      url: "https://pub.dev"
    source: hosted
    version: "2.0.1"
  dart_style:
    dependency: transitive
    description:
      name: dart_style
      sha256: "8a0e5fba27e8ee025d2ffb4ee820b4e6e2cf5e4246a6b1a477eb66866947e0bb"
      url: "https://pub.dev"
    source: hosted
    version: "3.1.1"
  device_frame:
    dependency: transitive
    description:
      name: device_frame
      sha256: "7b2ebb2a09d6cc0f086b51bd1412d7be83e0170056a7290349169be41164c86a"
      url: "https://pub.dev"
    source: hosted
    version: "1.4.0"
  device_info:
    dependency: transitive
    description:
      name: device_info
      sha256: f4a8156cb7b7480d969cb734907d18b333c8f0bc0b1ad0b342cdcecf30d62c48
      url: "https://pub.dev"
    source: hosted
    version: "2.0.3"
  device_info_platform_interface:
    dependency: transitive
    description:
      name: device_info_platform_interface
      sha256: b148e0bf9640145d09a4f8dea96614076f889e7f7f8b5ecab1c7e5c2dbc73c1b
      url: "https://pub.dev"
    source: hosted
    version: "2.0.1"
  device_info_plus:
    dependency: transitive
    description:
      name: device_info_plus
      sha256: "77f757b789ff68e4eaf9c56d1752309bd9f7ad557cb105b938a7f8eb89e59110"
      url: "https://pub.dev"
    source: hosted
    version: "9.1.2"
  device_info_plus_platform_interface:
    dependency: transitive
    description:
      name: device_info_plus_platform_interface
      sha256: e1ea89119e34903dca74b883d0dd78eb762814f97fb6c76f35e9ff74d261a18f
      url: "https://pub.dev"
    source: hosted
    version: "7.0.3"
  device_preview:
    dependency: "direct main"
    description:
      name: device_preview
      sha256: "88aa1cc73ee9a8ec771b309dcbc4000cc66b5d8456b825980997640ab1195bf5"
      url: "https://pub.dev"
    source: hosted
    version: "1.3.1"
  equatable:
    dependency: transitive
    description:
      name: equatable
      sha256: "567c64b3cb4cf82397aac55f4f0cbd3ca20d77c6c03bedbc4ceaddc08904aef7"
      url: "https://pub.dev"
    source: hosted
    version: "2.0.7"
  extension:
    dependency: transitive
    description:
      name: extension
      sha256: be3a6b7f8adad2f6e2e8c63c895d19811fcf203e23466c6296267941d0ff4f24
      url: "https://pub.dev"
    source: hosted
    version: "0.6.0"
  fake_async:
    dependency: transitive
    description:
      name: fake_async
      sha256: "5368f224a74523e8d2e7399ea1638b37aecfca824a3cc4dfdf77bf1fa905ac44"
      url: "https://pub.dev"
    source: hosted
    version: "1.3.3"
  feedback:
    dependency: transitive
    description:
      name: feedback
      sha256: "55edce4f8f0ec01a5ff023e29c5c57df86a7391c831d5647e3b3fdff05e4b01e"
      url: "https://pub.dev"
    source: hosted
    version: "3.2.0"
  ffi:
    dependency: transitive
    description:
      name: ffi
      sha256: "289279317b4b16eb2bb7e271abccd4bf84ec9bdcbe999e278a94b804f5630418"
      url: "https://pub.dev"
    source: hosted
    version: "2.1.4"
  file:
    dependency: transitive
    description:
      name: file
      sha256: a3b4f84adafef897088c160faf7dfffb7696046cb13ae90b508c2cbc95d3b8d4
      url: "https://pub.dev"
    source: hosted
    version: "7.0.1"
  file_utils:
    dependency: transitive
    description:
      name: file_utils
      sha256: d1e64389a22649095c8405c9e177272caf05139255931c9ff30d53b5c9bcaa34
      url: "https://pub.dev"
    source: hosted
    version: "1.0.1"
  fixnum:
    dependency: transitive
    description:
      name: fixnum
      sha256: b6dc7065e46c974bc7c5f143080a6764ec7a4be6da1285ececdc37be96de53be
      url: "https://pub.dev"
    source: hosted
    version: "1.1.1"
  flutter:
    dependency: "direct main"
    description: flutter
    source: sdk
    version: "0.0.0"
  flutter_cache_manager:
    dependency: "direct main"
    description:
      name: flutter_cache_manager
      sha256: "400b6592f16a4409a7f2bb929a9a7e38c72cceb8ffb99ee57bbf2cb2cecf8386"
      url: "https://pub.dev"
    source: hosted
    version: "3.4.1"
  flutter_framework:
    dependency: "direct main"
    description:
      path: "../../flutter_framework"
      relative: true
    source: path
    version: "0.0.1"
  flutter_launcher_icons:
    dependency: "direct main"
    description:
      name: flutter_launcher_icons
      sha256: "526faf84284b86a4cb36d20a5e45147747b7563d921373d4ee0559c54fcdbcea"
      url: "https://pub.dev"
    source: hosted
    version: "0.13.1"
  flutter_localizations:
    dependency: transitive
    description: flutter
    source: sdk
    version: "0.0.0"
  flutter_markdown:
    dependency: "direct main"
    description:
      name: flutter_markdown
      sha256: "08fb8315236099ff8e90cb87bb2b935e0a724a3af1623000a9cec930468e0f27"
      url: "https://pub.dev"
    source: hosted
    version: "0.7.7+1"
  flutter_secure_storage:
    dependency: transitive
    description:
      name: flutter_secure_storage
      sha256: "9cad52d75ebc511adfae3d447d5d13da15a55a92c9410e50f67335b6d21d16ea"
      url: "https://pub.dev"
    source: hosted
    version: "9.2.4"
  flutter_secure_storage_linux:
    dependency: transitive
    description:
      name: flutter_secure_storage_linux
      sha256: be76c1d24a97d0b98f8b54bce6b481a380a6590df992d0098f868ad54dc8f688
      url: "https://pub.dev"
    source: hosted
    version: "1.2.3"
  flutter_secure_storage_macos:
    dependency: transitive
    description:
      name: flutter_secure_storage_macos
      sha256: "6c0a2795a2d1de26ae202a0d78527d163f4acbb11cde4c75c670f3a0fc064247"
      url: "https://pub.dev"
    source: hosted
    version: "3.1.3"
  flutter_secure_storage_platform_interface:
    dependency: transitive
    description:
      name: flutter_secure_storage_platform_interface
      sha256: cf91ad32ce5adef6fba4d736a542baca9daf3beac4db2d04be350b87f69ac4a8
      url: "https://pub.dev"
    source: hosted
    version: "1.1.2"
  flutter_secure_storage_web:
    dependency: transitive
    description:
      name: flutter_secure_storage_web
      sha256: f4ebff989b4f07b2656fb16b47852c0aab9fed9b4ec1c70103368337bc1886a9
      url: "https://pub.dev"
    source: hosted
    version: "1.2.1"
  flutter_secure_storage_windows:
    dependency: transitive
    description:
      name: flutter_secure_storage_windows
      sha256: b20b07cb5ed4ed74fc567b78a72936203f587eba460af1df11281c9326cd3709
      url: "https://pub.dev"
    source: hosted
    version: "3.1.2"
  flutter_test:
    dependency: "direct dev"
    description: flutter
    source: sdk
    version: "0.0.0"
  flutter_web_plugins:
    dependency: transitive
    description: flutter
    source: sdk
    version: "0.0.0"
  fluttertoast:
    dependency: "direct main"
    description:
      name: fluttertoast
      sha256: "90778fe0497fe3a09166e8cf2e0867310ff434b794526589e77ec03cf08ba8e8"
      url: "https://pub.dev"
    source: hosted
    version: "8.2.14"
  font_awesome_flutter:
    dependency: "direct main"
    description:
      name: font_awesome_flutter
      sha256: b9011df3a1fa02993630b8fb83526368cf2206a711259830325bab2f1d2a4eb0
      url: "https://pub.dev"
    source: hosted
    version: "10.12.0"
  freezed_annotation:
    dependency: transitive
    description:
      name: freezed_annotation
      sha256: "7294967ff0a6d98638e7acb774aac3af2550777accd8149c90af5b014e6d44d8"
      url: "https://pub.dev"
    source: hosted
    version: "3.1.0"
  frontend_server_client:
    dependency: transitive
    description:
      name: frontend_server_client
      sha256: f64a0333a82f30b0cca061bc3d143813a486dc086b574bfb233b7c1372427694
      url: "https://pub.dev"
    source: hosted
    version: "4.0.0"
  glob:
    dependency: transitive
    description:
      name: glob
      sha256: c3f1ee72c96f8f78935e18aa8cecced9ab132419e8625dc187e1c2408efc20de
      url: "https://pub.dev"
    source: hosted
    version: "2.1.3"
  globbing:
    dependency: transitive
    description:
      name: globbing
      sha256: "4f89cfaf6fa74c9c1740a96259da06bd45411ede56744e28017cc534a12b6e2d"
      url: "https://pub.dev"
    source: hosted
    version: "1.0.0"
  google_fonts:
    dependency: "direct main"
    description:
      name: google_fonts
      sha256: ba03d03bcaa2f6cb7bd920e3b5027181db75ab524f8891c8bc3aa603885b8055
      url: "https://pub.dev"
    source: hosted
    version: "6.3.3"
  google_identity_services_web:
    dependency: transitive
    description:
      name: google_identity_services_web
      sha256: "5d187c46dc59e02646e10fe82665fc3884a9b71bc1c90c2b8b749316d33ee454"
      url: "https://pub.dev"
    source: hosted
    version: "0.3.3+1"
  google_sign_in:
    dependency: transitive
    description:
      name: google_sign_in
      sha256: d0a2c3bcb06e607bb11e4daca48bd4b6120f0bbc4015ccebbe757d24ea60ed2a
      url: "https://pub.dev"
    source: hosted
    version: "6.3.0"
  google_sign_in_android:
    dependency: transitive
    description:
      name: google_sign_in_android
      sha256: d5e23c56a4b84b6427552f1cf3f98f716db3b1d1a647f16b96dbb5b93afa2805
      url: "https://pub.dev"
    source: hosted
    version: "6.2.1"
  google_sign_in_ios:
    dependency: transitive
    description:
      name: google_sign_in_ios
      sha256: "102005f498ce18442e7158f6791033bbc15ad2dcc0afa4cf4752e2722a516c96"
      url: "https://pub.dev"
    source: hosted
    version: "5.9.0"
  google_sign_in_platform_interface:
    dependency: transitive
    description:
      name: google_sign_in_platform_interface
      sha256: "5f6f79cf139c197261adb6ac024577518ae48fdff8e53205c5373b5f6430a8aa"
      url: "https://pub.dev"
    source: hosted
    version: "2.5.0"
  google_sign_in_web:
    dependency: transitive
    description:
      name: google_sign_in_web
      sha256: "460547beb4962b7623ac0fb8122d6b8268c951cf0b646dd150d60498430e4ded"
      url: "https://pub.dev"
    source: hosted
    version: "0.12.4+4"
  googleapis:
    dependency: transitive
    description:
      name: googleapis
      sha256: "864f222aed3f2ff00b816c675edf00a39e2aaf373d728d8abec30b37bee1a81c"
      url: "https://pub.dev"
    source: hosted
    version: "13.2.0"
  graphs:
    dependency: transitive
    description:
      name: graphs
      sha256: "741bbf84165310a68ff28fe9e727332eef1407342fca52759cb21ad8177bb8d0"
      url: "https://pub.dev"
    source: hosted
    version: "2.3.2"
  hive:
    dependency: "direct main"
    description:
      name: hive
      sha256: "8dcf6db979d7933da8217edcec84e9df1bdb4e4edc7fc77dbd5aa74356d6d941"
      url: "https://pub.dev"
    source: hosted
    version: "2.2.3"
  http:
    dependency: transitive
    description:
      name: http
      sha256: "87721a4a50b19c7f1d49001e51409bddc46303966ce89a65af4f4e6004896412"
      url: "https://pub.dev"
    source: hosted
    version: "1.6.0"
  http_multi_server:
    dependency: transitive
    description:
      name: http_multi_server
      sha256: aa6199f908078bb1c5efb8d8638d4ae191aac11b311132c3ef48ce352fb52ef8
      url: "https://pub.dev"
    source: hosted
    version: "3.2.2"
  http_parser:
    dependency: transitive
    description:
      name: http_parser
      sha256: "178d74305e7866013777bab2c3d8726205dc5a4dd935297175b19a23a2e66571"
      url: "https://pub.dev"
    source: hosted
    version: "4.1.2"
  image:
    dependency: transitive
    description:
      name: image
      sha256: "48c11d0943b93b6fb29103d956ff89aafeae48f6058a3939649be2093dcff0bf"
      url: "https://pub.dev"
    source: hosted
    version: "4.7.1"
  inherited_state:
    dependency: "direct main"
    description:
      name: inherited_state
      sha256: "0b4954f3f8efa6c1a156beb92aa3a3ca4455a9f686d8c8b2a9cba30c98e0e286"
      url: "https://pub.dev"
    source: hosted
    version: "2.1.0"
  intl:
    dependency: "direct overridden"
    description:
      name: intl
      sha256: "3df61194eb431efc39c4ceba583b95633a403f46c9fd341e550ce0bfa50e9aa5"
      url: "https://pub.dev"
    source: hosted
    version: "0.20.2"
  io:
    dependency: transitive
    description:
      name: io
      sha256: dfd5a80599cf0165756e3181807ed3e77daf6dd4137caaad72d0b7931597650b
      url: "https://pub.dev"
    source: hosted
    version: "1.0.5"
  js:
    dependency: transitive
    description:
      name: js
      sha256: f2c445dce49627136094980615a031419f7f3eb393237e4ecd97ac15dea343f3
      url: "https://pub.dev"
    source: hosted
    version: "0.6.7"
  json_annotation:
    dependency: transitive
    description:
      name: json_annotation
      sha256: "1ce844379ca14835a50d2f019a3099f419082cfdd231cd86a142af94dd5c6bb1"
      url: "https://pub.dev"
    source: hosted
    version: "4.9.0"
  just_audio:
    dependency: "direct main"
    description:
      name: just_audio
      sha256: f978d5b4ccea08f267dae0232ec5405c1b05d3f3cd63f82097ea46c015d5c09e
      url: "https://pub.dev"
    source: hosted
    version: "0.9.46"
  just_audio_background:
    dependency: "direct main"
    description:
      name: just_audio_background
      sha256: "7547b076d5445431c780b0915707f18baa6d9588077d5d8f811e8a77b4e0bec5"
      url: "https://pub.dev"
    source: hosted
    version: "0.0.1-beta.13"
  just_audio_platform_interface:
    dependency: transitive
    description:
      name: just_audio_platform_interface
      sha256: "2532c8d6702528824445921c5ff10548b518b13f808c2e34c2fd54793b999a6a"
      url: "https://pub.dev"
    source: hosted
    version: "4.6.0"
  just_audio_web:
    dependency: transitive
    description:
      name: just_audio_web
      sha256: "6ba8a2a7e87d57d32f0f7b42856ade3d6a9fbe0f1a11fabae0a4f00bb73f0663"
      url: "https://pub.dev"
    source: hosted
    version: "0.4.16"
  leak_tracker:
    dependency: transitive
    description:
      name: leak_tracker
      sha256: "33e2e26bdd85a0112ec15400c8cbffea70d0f9c3407491f672a2fad47915e2de"
      url: "https://pub.dev"
    source: hosted
    version: "11.0.2"
  leak_tracker_flutter_testing:
    dependency: transitive
    description:
      name: leak_tracker_flutter_testing
      sha256: "1dbc140bb5a23c75ea9c4811222756104fbcd1a27173f0c34ca01e16bea473c1"
      url: "https://pub.dev"
    source: hosted
    version: "3.0.10"
  leak_tracker_testing:
    dependency: transitive
    description:
      name: leak_tracker_testing
      sha256: "8d5a2d49f4a66b49744b23b018848400d23e54caf9463f4eb20df3eb8acb2eb1"
      url: "https://pub.dev"
    source: hosted
    version: "3.0.2"
  logging:
    dependency: transitive
    description:
      name: logging
      sha256: c8245ada5f1717ed44271ed1c26b8ce85ca3228fd2ffdb75468ab01979309d61
      url: "https://pub.dev"
    source: hosted
    version: "1.3.0"
  markdown:
    dependency: transitive
    description:
      name: markdown
      sha256: "935e23e1ff3bc02d390bad4d4be001208ee92cc217cb5b5a6c19bc14aaa318c1"
      url: "https://pub.dev"
    source: hosted
    version: "7.3.0"
  matcher:
    dependency: transitive
    description:
      name: matcher
      sha256: dc58c723c3c24bf8d3e2d3ad3f2f9d7bd9cf43ec6feaa64181775e60190153f2
      url: "https://pub.dev"
    source: hosted
    version: "0.12.17"
  material_color_utilities:
    dependency: transitive
    description:
      name: material_color_utilities
      sha256: f7142bb1154231d7ea5f96bc7bde4bda2a0945d2806bb11670e30b850d56bdec
      url: "https://pub.dev"
    source: hosted
    version: "0.11.1"
  meta:
    dependency: transitive
    description:
      name: meta
      sha256: "23f08335362185a5ea2ad3a4e597f1375e78bce8a040df5c600c8d3552ef2394"
      url: "https://pub.dev"
    source: hosted
    version: "1.17.0"
  mime:
    dependency: "direct main"
    description:
      name: mime
      sha256: "801fd0b26f14a4a58ccb09d5892c3fbdeff209594300a542492cf13fba9d247a"
      url: "https://pub.dev"
    source: hosted
    version: "1.0.6"
  nested:
    dependency: transitive
    description:
      name: nested
      sha256: "03bac4c528c64c95c722ec99280375a6f2fc708eec17c7b3f07253b626cd2a20"
      url: "https://pub.dev"
    source: hosted
    version: "1.0.0"
  octo_image:
    dependency: transitive
    description:
      name: octo_image
      sha256: "34faa6639a78c7e3cbe79be6f9f96535867e879748ade7d17c9b1ae7536293bd"
      url: "https://pub.dev"
    source: hosted
    version: "2.1.0"
  package_config:
    dependency: transitive
    description:
      name: package_config
      sha256: f096c55ebb7deb7e384101542bfba8c52696c1b56fca2eb62827989ef2353bbc
      url: "https://pub.dev"
    source: hosted
    version: "2.2.0"
  package_info:
    dependency: transitive
    description:
      name: package_info
      sha256: "6c07d9d82c69e16afeeeeb6866fe43985a20b3b50df243091bfc4a4ad2b03b75"
      url: "https://pub.dev"
    source: hosted
    version: "2.0.2"
  path:
    dependency: transitive
    description:
      name: path
      sha256: "75cca69d1490965be98c73ceaea117e8a04dd21217b37b292c9ddbec0d955bc5"
      url: "https://pub.dev"
    source: hosted
    version: "1.9.1"
  path_provider:
    dependency: transitive
    description:
      name: path_provider
      sha256: "50c5dd5b6e1aaf6fb3a78b33f6aa3afca52bf903a8a5298f53101fdaee55bbcd"
      url: "https://pub.dev"
    source: hosted
    version: "2.1.5"
  path_provider_android:
    dependency: transitive
    description:
      name: path_provider_android
      sha256: f2c65e21139ce2c3dad46922be8272bb5963516045659e71bb16e151c93b580e
      url: "https://pub.dev"
    source: hosted
    version: "2.2.22"
  path_provider_foundation:
    dependency: transitive
    description:
      name: path_provider_foundation
      sha256: "6d13aece7b3f5c5a9731eaf553ff9dcbc2eff41087fd2df587fd0fed9a3eb0c4"
      url: "https://pub.dev"
    source: hosted
    version: "2.5.1"
  path_provider_linux:
    dependency: transitive
    description:
      name: path_provider_linux
      sha256: f7a1fe3a634fe7734c8d3f2766ad746ae2a2884abe22e241a8b301bf5cac3279
      url: "https://pub.dev"
    source: hosted
    version: "2.2.1"
  path_provider_platform_interface:
    dependency: transitive
    description:
      name: path_provider_platform_interface
      sha256: "88f5779f72ba699763fa3a3b06aa4bf6de76c8e5de842cf6f29e2e06476c2334"
      url: "https://pub.dev"
    source: hosted
    version: "2.1.2"
  path_provider_windows:
    dependency: transitive
    description:
      name: path_provider_windows
      sha256: bd6f00dbd873bfb70d0761682da2b3a2c2fccc2b9e84c495821639601d81afe7
      url: "https://pub.dev"
    source: hosted
    version: "2.3.0"
  pdfx:
    dependency: "direct main"
    description:
      name: pdfx
      sha256: c0f70ab6691b7cde02c0c204763a1edb2689ce245ac34eb629c66273a6aa1caf
      url: "https://pub.dev"
    source: hosted
    version: "2.6.0"
  petitparser:
    dependency: transitive
    description:
      name: petitparser
      sha256: "1a97266a94f7350d30ae522c0af07890c70b8e62c71e8e3920d1db4d23c057d1"
      url: "https://pub.dev"
    source: hosted
    version: "7.0.1"
  photo_view:
    dependency: "direct main"
    description:
      name: photo_view
      sha256: "8036802a00bae2a78fc197af8a158e3e2f7b500561ed23b4c458107685e645bb"
      url: "https://pub.dev"
    source: hosted
    version: "0.14.0"
  platform:
    dependency: transitive
    description:
      name: platform
      sha256: "5d6b1b0036a5f331ebc77c850ebc8506cbc1e9416c27e59b439f917a902a4984"
      url: "https://pub.dev"
    source: hosted
    version: "3.1.6"
  plugin_platform_interface:
    dependency: transitive
    description:
      name: plugin_platform_interface
      sha256: "4820fbfdb9478b1ebae27888254d445073732dae3d6ea81f0b7e06d5dedc3f02"
      url: "https://pub.dev"
    source: hosted
    version: "2.1.8"
  pool:
    dependency: transitive
    description:
      name: pool
      sha256: "978783255c543aa3586a1b3c21f6e9d720eb315376a915872c61ef8b5c20177d"
      url: "https://pub.dev"
    source: hosted
    version: "1.5.2"
  posix:
    dependency: transitive
    description:
      name: posix
      sha256: "6323a5b0fa688b6a010df4905a56b00181479e6d10534cecfecede2aa55add61"
      url: "https://pub.dev"
    source: hosted
    version: "6.0.3"
  provider:
    dependency: transitive
    description:
      name: provider
      sha256: "4e82183fa20e5ca25703ead7e05de9e4cceed1fbd1eadc1ac3cb6f565a09f272"
      url: "https://pub.dev"
    source: hosted
    version: "6.1.5+1"
  pub_semver:
    dependency: transitive
    description:
      name: pub_semver
      sha256: "5bfcf68ca79ef689f8990d1160781b4bad40a3bd5e5218ad4076ddb7f4081585"
      url: "https://pub.dev"
    source: hosted
    version: "2.2.0"
  pubspec_parse:
    dependency: transitive
    description:
      name: pubspec_parse
      sha256: "0560ba233314abbed0a48a2956f7f022cce7c3e1e73df540277da7544cad4082"
      url: "https://pub.dev"
    source: hosted
    version: "1.5.0"
  quiver:
    dependency: transitive
    description:
      name: quiver
      sha256: ea0b925899e64ecdfbf9c7becb60d5b50e706ade44a85b2363be2a22d88117d2
      url: "https://pub.dev"
    source: hosted
    version: "3.2.2"
  recase:
    dependency: transitive
    description:
      name: recase
      sha256: e4eb4ec2dcdee52dcf99cb4ceabaffc631d7424ee55e56f280bc039737f89213
      url: "https://pub.dev"
    source: hosted
    version: "4.1.0"
  reflectable:
    dependency: transitive
    description:
      name: reflectable
      sha256: "8deaa83f6bc6bba6360a2778e6c1330fc331663251b82fbfd186096f16e35228"
      url: "https://pub.dev"
    source: hosted
    version: "4.0.15"
  rxdart:
    dependency: transitive
    description:
      name: rxdart
      sha256: "5c3004a4a8dbb94bd4bf5412a4def4acdaa12e12f269737a5751369e12d1a962"
      url: "https://pub.dev"
    source: hosted
    version: "0.28.0"
  share:
    dependency: "direct main"
    description:
      name: share
      sha256: "97e6403f564ed1051a01534c2fc919cb6e40ea55e60a18ec23cee6e0ce19f4be"
      url: "https://pub.dev"
    source: hosted
    version: "2.0.4"
  shared_preferences:
    dependency: transitive
    description:
      name: shared_preferences
      sha256: "2939ae520c9024cb197fc20dee269cd8cdbf564c8b5746374ec6cacdc5169e64"
      url: "https://pub.dev"
    source: hosted
    version: "2.5.4"
  shared_preferences_android:
    dependency: transitive
    description:
      name: shared_preferences_android
      sha256: "83af5c682796c0f7719c2bbf74792d113e40ae97981b8f266fa84574573556bc"
      url: "https://pub.dev"
    source: hosted
    version: "2.4.18"
  shared_preferences_foundation:
    dependency: transitive
    description:
      name: shared_preferences_foundation
      sha256: "4e7eaffc2b17ba398759f1151415869a34771ba11ebbccd1b0145472a619a64f"
      url: "https://pub.dev"
    source: hosted
    version: "2.5.6"
  shared_preferences_linux:
    dependency: transitive
    description:
      name: shared_preferences_linux
      sha256: "580abfd40f415611503cae30adf626e6656dfb2f0cee8f465ece7b6defb40f2f"
      url: "https://pub.dev"
    source: hosted
    version: "2.4.1"
  shared_preferences_platform_interface:
    dependency: transitive
    description:
      name: shared_preferences_platform_interface
      sha256: "57cbf196c486bc2cf1f02b85784932c6094376284b3ad5779d1b1c6c6a816b80"
      url: "https://pub.dev"
    source: hosted
    version: "2.4.1"
  shared_preferences_web:
    dependency: transitive
    description:
      name: shared_preferences_web
      sha256: c49bd060261c9a3f0ff445892695d6212ff603ef3115edbb448509d407600019
      url: "https://pub.dev"
    source: hosted
    version: "2.4.3"
  shared_preferences_windows:
    dependency: transitive
    description:
      name: shared_preferences_windows
      sha256: "94ef0f72b2d71bc3e700e025db3710911bd51a71cefb65cc609dd0d9a982e3c1"
      url: "https://pub.dev"
    source: hosted
    version: "2.4.1"
  shelf:
    dependency: transitive
    description:
      name: shelf
      sha256: e7dd780a7ffb623c57850b33f43309312fc863fb6aa3d276a754bb299839ef12
      url: "https://pub.dev"
    source: hosted
    version: "1.4.2"
  shelf_web_socket:
    dependency: transitive
    description:
      name: shelf_web_socket
      sha256: "3632775c8e90d6c9712f883e633716432a27758216dfb61bd86a8321c0580925"
      url: "https://pub.dev"
    source: hosted
    version: "3.0.0"
  sky_engine:
    dependency: transitive
    description: flutter
    source: sdk
    version: "0.0.0"
  source_span:
    dependency: transitive
    description:
      name: source_span
      sha256: "254ee5351d6cb365c859e20ee823c3bb479bf4a293c22d17a9f1bf144ce86f7c"
      url: "https://pub.dev"
    source: hosted
    version: "1.10.1"
  sqflite:
    dependency: transitive
    description:
      name: sqflite
      sha256: e2297b1da52f127bc7a3da11439985d9b536f75070f3325e62ada69a5c585d03
      url: "https://pub.dev"
    source: hosted
    version: "2.4.2"
  sqflite_android:
    dependency: transitive
    description:
      name: sqflite_android
      sha256: ecd684501ebc2ae9a83536e8b15731642b9570dc8623e0073d227d0ee2bfea88
      url: "https://pub.dev"
    source: hosted
    version: "2.4.2+2"
  sqflite_common:
    dependency: transitive
    description:
      name: sqflite_common
      sha256: "6ef422a4525ecc601db6c0a2233ff448c731307906e92cabc9ba292afaae16a6"
      url: "https://pub.dev"
    source: hosted
    version: "2.5.6"
  sqflite_darwin:
    dependency: transitive
    description:
      name: sqflite_darwin
      sha256: "279832e5cde3fe99e8571879498c9211f3ca6391b0d818df4e17d9fff5c6ccb3"
      url: "https://pub.dev"
    source: hosted
    version: "2.4.2"
  sqflite_platform_interface:
    dependency: transitive
    description:
      name: sqflite_platform_interface
      sha256: "8dd4515c7bdcae0a785b0062859336de775e8c65db81ae33dd5445f35be61920"
      url: "https://pub.dev"
    source: hosted
    version: "2.4.0"
  stack_trace:
    dependency: transitive
    description:
      name: stack_trace
      sha256: "8b27215b45d22309b5cddda1aa2b19bdfec9df0e765f2de506401c071d38d1b1"
      url: "https://pub.dev"
    source: hosted
    version: "1.12.1"
  stream_channel:
    dependency: transitive
    description:
      name: stream_channel
      sha256: "969e04c80b8bcdf826f8f16579c7b14d780458bd97f56d107d3950fdbeef059d"
      url: "https://pub.dev"
    source: hosted
    version: "2.1.4"
  stream_transform:
    dependency: "direct main"
    description:
      name: stream_transform
      sha256: ad47125e588cfd37a9a7f86c7d6356dde8dfe89d071d293f80ca9e9273a33871
      url: "https://pub.dev"
    source: hosted
    version: "2.1.1"
  string_scanner:
    dependency: transitive
    description:
      name: string_scanner
      sha256: "921cd31725b72fe181906c6a94d987c78e3b98c2e205b397ea399d4054872b43"
      url: "https://pub.dev"
    source: hosted
    version: "1.4.1"
  synchronized:
    dependency: transitive
    description:
      name: synchronized
      sha256: c254ade258ec8282947a0acbbc90b9575b4f19673533ee46f2f6e9b3aeefd7c0
      url: "https://pub.dev"
    source: hosted
    version: "3.4.0"
  system_info:
    dependency: transitive
    description:
      name: system_info
      sha256: cc51ed8a89f1d2d4113e6d578838583884d453242de5180a096ad5e85d476193
      url: "https://pub.dev"
    source: hosted
    version: "1.0.1"
  term_glyph:
    dependency: transitive
    description:
      name: term_glyph
      sha256: "7f554798625ea768a7518313e58f83891c7f5024f88e46e7182a4558850a4b8e"
      url: "https://pub.dev"
    source: hosted
    version: "1.2.2"
  test_api:
    dependency: transitive
    description:
      name: test_api
      sha256: ab2726c1a94d3176a45960b6234466ec367179b87dd74f1611adb1f3b5fb9d55
      url: "https://pub.dev"
    source: hosted
    version: "0.7.7"
  timing:
    dependency: transitive
    description:
      name: timing
      sha256: "62ee18aca144e4a9f29d212f5a4c6a053be252b895ab14b5821996cff4ed90fe"
      url: "https://pub.dev"
    source: hosted
    version: "1.0.2"
  typed_data:
    dependency: transitive
    description:
      name: typed_data
      sha256: f9049c039ebfeb4cf7a7104a675823cd72dba8297f264b6637062516699fa006
      url: "https://pub.dev"
    source: hosted
    version: "1.4.0"
  universal_platform:
    dependency: transitive
    description:
      name: universal_platform
      sha256: "64e16458a0ea9b99260ceb5467a214c1f298d647c659af1bff6d3bf82536b1ec"
      url: "https://pub.dev"
    source: hosted
    version: "1.1.0"
  url_launcher:
    dependency: "direct main"
    description:
      name: url_launcher
      sha256: f6a7e5c4835bb4e3026a04793a4199ca2d14c739ec378fdfe23fc8075d0439f8
      url: "https://pub.dev"
    source: hosted
    version: "6.3.2"
  url_launcher_android:
    dependency: transitive
    description:
      name: url_launcher_android
      sha256: "767344bf3063897b5cf0db830e94f904528e6dd50a6dfaf839f0abf509009611"
      url: "https://pub.dev"
    source: hosted
    version: "6.3.28"
  url_launcher_ios:
    dependency: transitive
    description:
      name: url_launcher_ios
      sha256: cfde38aa257dae62ffe79c87fab20165dfdf6988c1d31b58ebf59b9106062aad
      url: "https://pub.dev"
    source: hosted
    version: "6.3.6"
  url_launcher_linux:
    dependency: transitive
    description:
      name: url_launcher_linux
      sha256: d5e14138b3bc193a0f63c10a53c94b91d399df0512b1f29b94a043db7482384a
      url: "https://pub.dev"
    source: hosted
    version: "3.2.2"
  url_launcher_macos:
    dependency: transitive
    description:
      name: url_launcher_macos
      sha256: "368adf46f71ad3c21b8f06614adb38346f193f3a59ba8fe9a2fd74133070ba18"
      url: "https://pub.dev"
    source: hosted
    version: "3.2.5"
  url_launcher_platform_interface:
    dependency: transitive
    description:
      name: url_launcher_platform_interface
      sha256: "552f8a1e663569be95a8190206a38187b531910283c3e982193e4f2733f01029"
      url: "https://pub.dev"
    source: hosted
    version: "2.3.2"
  url_launcher_web:
    dependency: transitive
    description:
      name: url_launcher_web
      sha256: "4bd2b7b4dc4d4d0b94e5babfffbca8eac1a126c7f3d6ecbc1a11013faa3abba2"
      url: "https://pub.dev"
    source: hosted
    version: "2.4.1"
  url_launcher_windows:
    dependency: transitive
    description:
      name: url_launcher_windows
      sha256: "712c70ab1b99744ff066053cbe3e80c73332b38d46e5e945c98689b2e66fc15f"
      url: "https://pub.dev"
    source: hosted
    version: "3.1.5"
  uuid:
    dependency: transitive
    description:
      name: uuid
      sha256: a11b666489b1954e01d992f3d601b1804a33937b5a8fe677bd26b8a9f96f96e8
      url: "https://pub.dev"
    source: hosted
    version: "4.5.2"
  vector_math:
    dependency: transitive
    description:
      name: vector_math
      sha256: d530bd74fea330e6e364cda7a85019c434070188383e1cd8d9777ee586914c5b
      url: "https://pub.dev"
    source: hosted
    version: "2.2.0"
  vm_service:
    dependency: transitive
    description:
      name: vm_service
      sha256: "45caa6c5917fa127b5dbcfbd1fa60b14e583afdc08bfc96dda38886ca252eb60"
      url: "https://pub.dev"
    source: hosted
    version: "15.0.2"
  watcher:
    dependency: transitive
    description:
      name: watcher
      sha256: f52385d4f73589977c80797e60fe51014f7f2b957b5e9a62c3f6ada439889249
      url: "https://pub.dev"
    source: hosted
    version: "1.2.0"
  web:
    dependency: transitive
    description:
      name: web
      sha256: "868d88a33d8a87b18ffc05f9f030ba328ffefba92d6c127917a2ba740f9cfe4a"
      url: "https://pub.dev"
    source: hosted
    version: "1.1.1"
  web_socket:
    dependency: transitive
    description:
      name: web_socket
      sha256: "34d64019aa8e36bf9842ac014bb5d2f5586ca73df5e4d9bf5c936975cae6982c"
      url: "https://pub.dev"
    source: hosted
    version: "1.0.1"
  web_socket_channel:
    dependency: transitive
    description:
      name: web_socket_channel
      sha256: d645757fb0f4773d602444000a8131ff5d48c9e47adfe9772652dd1a4f2d45c8
      url: "https://pub.dev"
    source: hosted
    version: "3.0.3"
  webview_flutter:
    dependency: "direct main"
    description:
      name: webview_flutter
      sha256: c3e4fe614b1c814950ad07186007eff2f2e5dd2935eba7b9a9a1af8e5885f1ba
      url: "https://pub.dev"
    source: hosted
    version: "4.13.0"
  webview_flutter_android:
    dependency: transitive
    description:
      name: webview_flutter_android
      sha256: eeeb3fcd5f0ff9f8446c9f4bbc18a99b809e40297528a3395597d03aafb9f510
      url: "https://pub.dev"
    source: hosted
    version: "4.10.11"
  webview_flutter_platform_interface:
    dependency: transitive
    description:
      name: webview_flutter_platform_interface
      sha256: "63d26ee3aca7256a83ccb576a50272edd7cfc80573a4305caa98985feb493ee0"
      url: "https://pub.dev"
    source: hosted
    version: "2.14.0"
  webview_flutter_wkwebview:
    dependency: transitive
    description:
      name: webview_flutter_wkwebview
      sha256: e49f378ed066efb13fc36186bbe0bd2425630d4ea0dbc71a18fdd0e4d8ed8ebc
      url: "https://pub.dev"
    source: hosted
    version: "3.23.5"
  win32:
    dependency: transitive
    description:
      name: win32
      sha256: d7cb55e04cd34096cd3a79b3330245f54cb96a370a1c27adb3c84b917de8b08e
      url: "https://pub.dev"
    source: hosted
    version: "5.15.0"
  win32_registry:
    dependency: transitive
    description:
      name: win32_registry
      sha256: "21ec76dfc731550fd3e2ce7a33a9ea90b828fdf19a5c3bcf556fa992cfa99852"
      url: "https://pub.dev"
    source: hosted
    version: "1.1.5"
  xdg_directories:
    dependency: transitive
    description:
      name: xdg_directories
      sha256: "7a3f37b05d989967cdddcbb571f1ea834867ae2faa29725fd085180e0883aa15"
      url: "https://pub.dev"
    source: hosted
    version: "1.1.0"
  xml:
    dependency: transitive
    description:
      name: xml
      sha256: "971043b3a0d3da28727e40ed3e0b5d18b742fa5a68665cca88e74b7876d5e025"
      url: "https://pub.dev"
    source: hosted
    version: "6.6.1"
  yaml:
    dependency: transitive
    description:
      name: yaml
      sha256: b9da305ac7c39faa3f030eccd175340f968459dae4af175130b3fc47e40d76ce
      url: "https://pub.dev"
    source: hosted
    version: "3.1.3"
sdks:
  dart: ">=3.9.0 <4.0.0"
  flutter: ">=3.35.0"
